{
  "name": "projet_anthony_rococo_loris_martinez1_tien_dat_phan",
  "version": "1.0.0",
  "lockfileVersion": 2,
  "requires": true,
  "packages": {
    "": {
      "name": "projet_anthony_rococo_loris_martinez1_tien_dat_phan",
      "version": "1.0.0",
      "hasInstallScript": true,
      "license": "ISC"
    }
  }
}
